
Microsoft Visual Studio Solution File, Format Version 12.00
# Visual Studio 15
VisualStudioVersion = 15.0.27428.1
MinimumVisualStudioVersion = 10.0.40219.1
Project("{FAE04EC0-301F-11D3-BF4B-00C04F79EFBC}") = "CestaCompra.Service", "CestaCompra.Service\CestaCompra.Service.csproj", "{AA405B18-FD99-456B-9481-5AA537BE2676}"
EndProject
Project("{FAE04EC0-301F-11D3-BF4B-00C04F79EFBC}") = "CestaCompra.Data", "CestaCompra.Data\CestaCompra.Data.csproj", "{7604B9FB-9B27-4737-9752-ECB5BD74C6FC}"
EndProject
Project("{FAE04EC0-301F-11D3-BF4B-00C04F79EFBC}") = "CestaCompra.WebAPI", "CestaCompra.WebAPI\CestaCompra.WebAPI.csproj", "{44D6687F-4C1F-48B9-AAC3-D652626733FF}"
EndProject
Global
	GlobalSection(SolutionConfigurationPlatforms) = preSolution
		Ad-Hoc|Any CPU = Ad-Hoc|Any CPU
		Ad-Hoc|iPhone = Ad-Hoc|iPhone
		Ad-Hoc|iPhoneSimulator = Ad-Hoc|iPhoneSimulator
		AppStore|Any CPU = AppStore|Any CPU
		AppStore|iPhone = AppStore|iPhone
		AppStore|iPhoneSimulator = AppStore|iPhoneSimulator
		Debug|Any CPU = Debug|Any CPU
		Debug|iPhone = Debug|iPhone
		Debug|iPhoneSimulator = Debug|iPhoneSimulator
		Release|Any CPU = Release|Any CPU
		Release|iPhone = Release|iPhone
		Release|iPhoneSimulator = Release|iPhoneSimulator
	EndGlobalSection
	GlobalSection(ProjectConfigurationPlatforms) = postSolution
		{AA405B18-FD99-456B-9481-5AA537BE2676}.Ad-Hoc|Any CPU.ActiveCfg = Release|Any CPU
		{AA405B18-FD99-456B-9481-5AA537BE2676}.Ad-Hoc|Any CPU.Build.0 = Release|Any CPU
		{AA405B18-FD99-456B-9481-5AA537BE2676}.Ad-Hoc|iPhone.ActiveCfg = Release|Any CPU
		{AA405B18-FD99-456B-9481-5AA537BE2676}.Ad-Hoc|iPhone.Build.0 = Release|Any CPU
		{AA405B18-FD99-456B-9481-5AA537BE2676}.Ad-Hoc|iPhoneSimulator.ActiveCfg = Release|Any CPU
		{AA405B18-FD99-456B-9481-5AA537BE2676}.Ad-Hoc|iPhoneSimulator.Build.0 = Release|Any CPU
		{AA405B18-FD99-456B-9481-5AA537BE2676}.AppStore|Any CPU.ActiveCfg = Release|Any CPU
		{AA405B18-FD99-456B-9481-5AA537BE2676}.AppStore|Any CPU.Build.0 = Release|Any CPU
		{AA405B18-FD99-456B-9481-5AA537BE2676}.AppStore|iPhone.ActiveCfg = Release|Any CPU
		{AA405B18-FD99-456B-9481-5AA537BE2676}.AppStore|iPhone.Build.0 = Release|Any CPU
		{AA405B18-FD99-456B-9481-5AA537BE2676}.AppStore|iPhoneSimulator.ActiveCfg = Release|Any CPU
		{AA405B18-FD99-456B-9481-5AA537BE2676}.AppStore|iPhoneSimulator.Build.0 = Release|Any CPU
		{AA405B18-FD99-456B-9481-5AA537BE2676}.Debug|Any CPU.ActiveCfg = Debug|Any CPU
		{AA405B18-FD99-456B-9481-5AA537BE2676}.Debug|Any CPU.Build.0 = Debug|Any CPU
		{AA405B18-FD99-456B-9481-5AA537BE2676}.Debug|iPhone.ActiveCfg = Debug|Any CPU
		{AA405B18-FD99-456B-9481-5AA537BE2676}.Debug|iPhone.Build.0 = Debug|Any CPU
		{AA405B18-FD99-456B-9481-5AA537BE2676}.Debug|iPhoneSimulator.ActiveCfg = Debug|Any CPU
		{AA405B18-FD99-456B-9481-5AA537BE2676}.Debug|iPhoneSimulator.Build.0 = Debug|Any CPU
		{AA405B18-FD99-456B-9481-5AA537BE2676}.Release|Any CPU.ActiveCfg = Release|Any CPU
		{AA405B18-FD99-456B-9481-5AA537BE2676}.Release|Any CPU.Build.0 = Release|Any CPU
		{AA405B18-FD99-456B-9481-5AA537BE2676}.Release|iPhone.ActiveCfg = Release|Any CPU
		{AA405B18-FD99-456B-9481-5AA537BE2676}.Release|iPhone.Build.0 = Release|Any CPU
		{AA405B18-FD99-456B-9481-5AA537BE2676}.Release|iPhoneSimulator.ActiveCfg = Release|Any CPU
		{AA405B18-FD99-456B-9481-5AA537BE2676}.Release|iPhoneSimulator.Build.0 = Release|Any CPU
		{7604B9FB-9B27-4737-9752-ECB5BD74C6FC}.Ad-Hoc|Any CPU.ActiveCfg = Release|Any CPU
		{7604B9FB-9B27-4737-9752-ECB5BD74C6FC}.Ad-Hoc|Any CPU.Build.0 = Release|Any CPU
		{7604B9FB-9B27-4737-9752-ECB5BD74C6FC}.Ad-Hoc|iPhone.ActiveCfg = Release|Any CPU
		{7604B9FB-9B27-4737-9752-ECB5BD74C6FC}.Ad-Hoc|iPhone.Build.0 = Release|Any CPU
		{7604B9FB-9B27-4737-9752-ECB5BD74C6FC}.Ad-Hoc|iPhoneSimulator.ActiveCfg = Release|Any CPU
		{7604B9FB-9B27-4737-9752-ECB5BD74C6FC}.Ad-Hoc|iPhoneSimulator.Build.0 = Release|Any CPU
		{7604B9FB-9B27-4737-9752-ECB5BD74C6FC}.AppStore|Any CPU.ActiveCfg = Release|Any CPU
		{7604B9FB-9B27-4737-9752-ECB5BD74C6FC}.AppStore|Any CPU.Build.0 = Release|Any CPU
		{7604B9FB-9B27-4737-9752-ECB5BD74C6FC}.AppStore|iPhone.ActiveCfg = Release|Any CPU
		{7604B9FB-9B27-4737-9752-ECB5BD74C6FC}.AppStore|iPhone.Build.0 = Release|Any CPU
		{7604B9FB-9B27-4737-9752-ECB5BD74C6FC}.AppStore|iPhoneSimulator.ActiveCfg = Release|Any CPU
		{7604B9FB-9B27-4737-9752-ECB5BD74C6FC}.AppStore|iPhoneSimulator.Build.0 = Release|Any CPU
		{7604B9FB-9B27-4737-9752-ECB5BD74C6FC}.Debug|Any CPU.ActiveCfg = Debug|Any CPU
		{7604B9FB-9B27-4737-9752-ECB5BD74C6FC}.Debug|Any CPU.Build.0 = Debug|Any CPU
		{7604B9FB-9B27-4737-9752-ECB5BD74C6FC}.Debug|iPhone.ActiveCfg = Debug|Any CPU
		{7604B9FB-9B27-4737-9752-ECB5BD74C6FC}.Debug|iPhone.Build.0 = Debug|Any CPU
		{7604B9FB-9B27-4737-9752-ECB5BD74C6FC}.Debug|iPhoneSimulator.ActiveCfg = Debug|Any CPU
		{7604B9FB-9B27-4737-9752-ECB5BD74C6FC}.Debug|iPhoneSimulator.Build.0 = Debug|Any CPU
		{7604B9FB-9B27-4737-9752-ECB5BD74C6FC}.Release|Any CPU.ActiveCfg = Release|Any CPU
		{7604B9FB-9B27-4737-9752-ECB5BD74C6FC}.Release|Any CPU.Build.0 = Release|Any CPU
		{7604B9FB-9B27-4737-9752-ECB5BD74C6FC}.Release|iPhone.ActiveCfg = Release|Any CPU
		{7604B9FB-9B27-4737-9752-ECB5BD74C6FC}.Release|iPhone.Build.0 = Release|Any CPU
		{7604B9FB-9B27-4737-9752-ECB5BD74C6FC}.Release|iPhoneSimulator.ActiveCfg = Release|Any CPU
		{7604B9FB-9B27-4737-9752-ECB5BD74C6FC}.Release|iPhoneSimulator.Build.0 = Release|Any CPU
		{44D6687F-4C1F-48B9-AAC3-D652626733FF}.Ad-Hoc|Any CPU.ActiveCfg = Release|Any CPU
		{44D6687F-4C1F-48B9-AAC3-D652626733FF}.Ad-Hoc|Any CPU.Build.0 = Release|Any CPU
		{44D6687F-4C1F-48B9-AAC3-D652626733FF}.Ad-Hoc|iPhone.ActiveCfg = Release|Any CPU
		{44D6687F-4C1F-48B9-AAC3-D652626733FF}.Ad-Hoc|iPhone.Build.0 = Release|Any CPU
		{44D6687F-4C1F-48B9-AAC3-D652626733FF}.Ad-Hoc|iPhoneSimulator.ActiveCfg = Release|Any CPU
		{44D6687F-4C1F-48B9-AAC3-D652626733FF}.Ad-Hoc|iPhoneSimulator.Build.0 = Release|Any CPU
		{44D6687F-4C1F-48B9-AAC3-D652626733FF}.AppStore|Any CPU.ActiveCfg = Release|Any CPU
		{44D6687F-4C1F-48B9-AAC3-D652626733FF}.AppStore|Any CPU.Build.0 = Release|Any CPU
		{44D6687F-4C1F-48B9-AAC3-D652626733FF}.AppStore|iPhone.ActiveCfg = Release|Any CPU
		{44D6687F-4C1F-48B9-AAC3-D652626733FF}.AppStore|iPhone.Build.0 = Release|Any CPU
		{44D6687F-4C1F-48B9-AAC3-D652626733FF}.AppStore|iPhoneSimulator.ActiveCfg = Release|Any CPU
		{44D6687F-4C1F-48B9-AAC3-D652626733FF}.AppStore|iPhoneSimulator.Build.0 = Release|Any CPU
		{44D6687F-4C1F-48B9-AAC3-D652626733FF}.Debug|Any CPU.ActiveCfg = Debug|Any CPU
		{44D6687F-4C1F-48B9-AAC3-D652626733FF}.Debug|Any CPU.Build.0 = Debug|Any CPU
		{44D6687F-4C1F-48B9-AAC3-D652626733FF}.Debug|iPhone.ActiveCfg = Debug|Any CPU
		{44D6687F-4C1F-48B9-AAC3-D652626733FF}.Debug|iPhone.Build.0 = Debug|Any CPU
		{44D6687F-4C1F-48B9-AAC3-D652626733FF}.Debug|iPhoneSimulator.ActiveCfg = Debug|Any CPU
		{44D6687F-4C1F-48B9-AAC3-D652626733FF}.Debug|iPhoneSimulator.Build.0 = Debug|Any CPU
		{44D6687F-4C1F-48B9-AAC3-D652626733FF}.Release|Any CPU.ActiveCfg = Release|Any CPU
		{44D6687F-4C1F-48B9-AAC3-D652626733FF}.Release|Any CPU.Build.0 = Release|Any CPU
		{44D6687F-4C1F-48B9-AAC3-D652626733FF}.Release|iPhone.ActiveCfg = Release|Any CPU
		{44D6687F-4C1F-48B9-AAC3-D652626733FF}.Release|iPhone.Build.0 = Release|Any CPU
		{44D6687F-4C1F-48B9-AAC3-D652626733FF}.Release|iPhoneSimulator.ActiveCfg = Release|Any CPU
		{44D6687F-4C1F-48B9-AAC3-D652626733FF}.Release|iPhoneSimulator.Build.0 = Release|Any CPU
	EndGlobalSection
	GlobalSection(SolutionProperties) = preSolution
		HideSolutionNode = FALSE
	EndGlobalSection
	GlobalSection(ExtensibilityGlobals) = postSolution
		SolutionGuid = {9BADD05E-67D8-4BA6-B702-18D866E00B6F}
	EndGlobalSection
EndGlobal
