
Microsoft Visual Studio Solution File, Format Version 12.00
# Visual Studio 15
VisualStudioVersion = 15.0.27428.1
MinimumVisualStudioVersion = 10.0.40219.1
Project("{FAE04EC0-301F-11D3-BF4B-00C04F79EFBC}") = "CestaComprasWeb", "CestaDeCompras\CestaComprasWeb.csproj", "{1BF20518-5E14-44E9-97F8-0FCDD1ADDE55}"
EndProject
Project("{9A19103F-16F7-4668-BE54-9A1E7A4F7556}") = "ClassLibraryCesta", "ClassLibrary1\ClassLibraryCesta.csproj", "{86CC2633-3CA1-4CEC-A989-7868D896FF5A}"
EndProject
Project("{9A19103F-16F7-4668-BE54-9A1E7A4F7556}") = "CestaComprasMobile", "..\..\CestaTeste\CestaTeste\CestaTeste\CestaTeste\CestaComprasMobile.csproj", "{4756030E-682D-4684-A08E-ECFCA78E07AE}"
EndProject
Project("{FAE04EC0-301F-11D3-BF4B-00C04F79EFBC}") = "CestaComprasMobile.Android", "..\..\CestaTeste\CestaTeste\CestaTeste\CestaTeste.Android\CestaComprasMobile.Android.csproj", "{3A3A8782-AF22-47F4-B90D-A9613F47ECF8}"
EndProject
Global
	GlobalSection(SolutionConfigurationPlatforms) = preSolution
		Ad-Hoc|Any CPU = Ad-Hoc|Any CPU
		Ad-Hoc|iPhone = Ad-Hoc|iPhone
		Ad-Hoc|iPhoneSimulator = Ad-Hoc|iPhoneSimulator
		AppStore|Any CPU = AppStore|Any CPU
		AppStore|iPhone = AppStore|iPhone
		AppStore|iPhoneSimulator = AppStore|iPhoneSimulator
		Debug|Any CPU = Debug|Any CPU
		Debug|iPhone = Debug|iPhone
		Debug|iPhoneSimulator = Debug|iPhoneSimulator
		Release|Any CPU = Release|Any CPU
		Release|iPhone = Release|iPhone
		Release|iPhoneSimulator = Release|iPhoneSimulator
	EndGlobalSection
	GlobalSection(ProjectConfigurationPlatforms) = postSolution
		{1BF20518-5E14-44E9-97F8-0FCDD1ADDE55}.Ad-Hoc|Any CPU.ActiveCfg = Release|Any CPU
		{1BF20518-5E14-44E9-97F8-0FCDD1ADDE55}.Ad-Hoc|Any CPU.Build.0 = Release|Any CPU
		{1BF20518-5E14-44E9-97F8-0FCDD1ADDE55}.Ad-Hoc|iPhone.ActiveCfg = Release|Any CPU
		{1BF20518-5E14-44E9-97F8-0FCDD1ADDE55}.Ad-Hoc|iPhone.Build.0 = Release|Any CPU
		{1BF20518-5E14-44E9-97F8-0FCDD1ADDE55}.Ad-Hoc|iPhoneSimulator.ActiveCfg = Release|Any CPU
		{1BF20518-5E14-44E9-97F8-0FCDD1ADDE55}.Ad-Hoc|iPhoneSimulator.Build.0 = Release|Any CPU
		{1BF20518-5E14-44E9-97F8-0FCDD1ADDE55}.AppStore|Any CPU.ActiveCfg = Release|Any CPU
		{1BF20518-5E14-44E9-97F8-0FCDD1ADDE55}.AppStore|Any CPU.Build.0 = Release|Any CPU
		{1BF20518-5E14-44E9-97F8-0FCDD1ADDE55}.AppStore|iPhone.ActiveCfg = Release|Any CPU
		{1BF20518-5E14-44E9-97F8-0FCDD1ADDE55}.AppStore|iPhone.Build.0 = Release|Any CPU
		{1BF20518-5E14-44E9-97F8-0FCDD1ADDE55}.AppStore|iPhoneSimulator.ActiveCfg = Release|Any CPU
		{1BF20518-5E14-44E9-97F8-0FCDD1ADDE55}.AppStore|iPhoneSimulator.Build.0 = Release|Any CPU
		{1BF20518-5E14-44E9-97F8-0FCDD1ADDE55}.Debug|Any CPU.ActiveCfg = Release|Any CPU
		{1BF20518-5E14-44E9-97F8-0FCDD1ADDE55}.Debug|iPhone.ActiveCfg = Debug|Any CPU
		{1BF20518-5E14-44E9-97F8-0FCDD1ADDE55}.Debug|iPhone.Build.0 = Debug|Any CPU
		{1BF20518-5E14-44E9-97F8-0FCDD1ADDE55}.Debug|iPhoneSimulator.ActiveCfg = Debug|Any CPU
		{1BF20518-5E14-44E9-97F8-0FCDD1ADDE55}.Debug|iPhoneSimulator.Build.0 = Debug|Any CPU
		{1BF20518-5E14-44E9-97F8-0FCDD1ADDE55}.Release|Any CPU.ActiveCfg = Release|Any CPU
		{1BF20518-5E14-44E9-97F8-0FCDD1ADDE55}.Release|Any CPU.Build.0 = Release|Any CPU
		{1BF20518-5E14-44E9-97F8-0FCDD1ADDE55}.Release|iPhone.ActiveCfg = Release|Any CPU
		{1BF20518-5E14-44E9-97F8-0FCDD1ADDE55}.Release|iPhone.Build.0 = Release|Any CPU
		{1BF20518-5E14-44E9-97F8-0FCDD1ADDE55}.Release|iPhoneSimulator.ActiveCfg = Release|Any CPU
		{1BF20518-5E14-44E9-97F8-0FCDD1ADDE55}.Release|iPhoneSimulator.Build.0 = Release|Any CPU
		{86CC2633-3CA1-4CEC-A989-7868D896FF5A}.Ad-Hoc|Any CPU.ActiveCfg = Debug|Any CPU
		{86CC2633-3CA1-4CEC-A989-7868D896FF5A}.Ad-Hoc|Any CPU.Build.0 = Debug|Any CPU
		{86CC2633-3CA1-4CEC-A989-7868D896FF5A}.Ad-Hoc|iPhone.ActiveCfg = Debug|Any CPU
		{86CC2633-3CA1-4CEC-A989-7868D896FF5A}.Ad-Hoc|iPhone.Build.0 = Debug|Any CPU
		{86CC2633-3CA1-4CEC-A989-7868D896FF5A}.Ad-Hoc|iPhoneSimulator.ActiveCfg = Debug|Any CPU
		{86CC2633-3CA1-4CEC-A989-7868D896FF5A}.Ad-Hoc|iPhoneSimulator.Build.0 = Debug|Any CPU
		{86CC2633-3CA1-4CEC-A989-7868D896FF5A}.AppStore|Any CPU.ActiveCfg = Debug|Any CPU
		{86CC2633-3CA1-4CEC-A989-7868D896FF5A}.AppStore|Any CPU.Build.0 = Debug|Any CPU
		{86CC2633-3CA1-4CEC-A989-7868D896FF5A}.AppStore|iPhone.ActiveCfg = Debug|Any CPU
		{86CC2633-3CA1-4CEC-A989-7868D896FF5A}.AppStore|iPhone.Build.0 = Debug|Any CPU
		{86CC2633-3CA1-4CEC-A989-7868D896FF5A}.AppStore|iPhoneSimulator.ActiveCfg = Debug|Any CPU
		{86CC2633-3CA1-4CEC-A989-7868D896FF5A}.AppStore|iPhoneSimulator.Build.0 = Debug|Any CPU
		{86CC2633-3CA1-4CEC-A989-7868D896FF5A}.Debug|Any CPU.ActiveCfg = Debug|Any CPU
		{86CC2633-3CA1-4CEC-A989-7868D896FF5A}.Debug|Any CPU.Build.0 = Debug|Any CPU
		{86CC2633-3CA1-4CEC-A989-7868D896FF5A}.Debug|iPhone.ActiveCfg = Debug|Any CPU
		{86CC2633-3CA1-4CEC-A989-7868D896FF5A}.Debug|iPhone.Build.0 = Debug|Any CPU
		{86CC2633-3CA1-4CEC-A989-7868D896FF5A}.Debug|iPhoneSimulator.ActiveCfg = Debug|Any CPU
		{86CC2633-3CA1-4CEC-A989-7868D896FF5A}.Debug|iPhoneSimulator.Build.0 = Debug|Any CPU
		{86CC2633-3CA1-4CEC-A989-7868D896FF5A}.Release|Any CPU.ActiveCfg = Debug|Any CPU
		{86CC2633-3CA1-4CEC-A989-7868D896FF5A}.Release|Any CPU.Build.0 = Debug|Any CPU
		{86CC2633-3CA1-4CEC-A989-7868D896FF5A}.Release|iPhone.ActiveCfg = Release|Any CPU
		{86CC2633-3CA1-4CEC-A989-7868D896FF5A}.Release|iPhone.Build.0 = Release|Any CPU
		{86CC2633-3CA1-4CEC-A989-7868D896FF5A}.Release|iPhoneSimulator.ActiveCfg = Release|Any CPU
		{86CC2633-3CA1-4CEC-A989-7868D896FF5A}.Release|iPhoneSimulator.Build.0 = Release|Any CPU
		{4756030E-682D-4684-A08E-ECFCA78E07AE}.Ad-Hoc|Any CPU.ActiveCfg = Debug|Any CPU
		{4756030E-682D-4684-A08E-ECFCA78E07AE}.Ad-Hoc|Any CPU.Build.0 = Debug|Any CPU
		{4756030E-682D-4684-A08E-ECFCA78E07AE}.Ad-Hoc|iPhone.ActiveCfg = Debug|Any CPU
		{4756030E-682D-4684-A08E-ECFCA78E07AE}.Ad-Hoc|iPhone.Build.0 = Debug|Any CPU
		{4756030E-682D-4684-A08E-ECFCA78E07AE}.Ad-Hoc|iPhoneSimulator.ActiveCfg = Debug|Any CPU
		{4756030E-682D-4684-A08E-ECFCA78E07AE}.Ad-Hoc|iPhoneSimulator.Build.0 = Debug|Any CPU
		{4756030E-682D-4684-A08E-ECFCA78E07AE}.AppStore|Any CPU.ActiveCfg = Debug|Any CPU
		{4756030E-682D-4684-A08E-ECFCA78E07AE}.AppStore|Any CPU.Build.0 = Debug|Any CPU
		{4756030E-682D-4684-A08E-ECFCA78E07AE}.AppStore|iPhone.ActiveCfg = Debug|Any CPU
		{4756030E-682D-4684-A08E-ECFCA78E07AE}.AppStore|iPhone.Build.0 = Debug|Any CPU
		{4756030E-682D-4684-A08E-ECFCA78E07AE}.AppStore|iPhoneSimulator.ActiveCfg = Debug|Any CPU
		{4756030E-682D-4684-A08E-ECFCA78E07AE}.AppStore|iPhoneSimulator.Build.0 = Debug|Any CPU
		{4756030E-682D-4684-A08E-ECFCA78E07AE}.Debug|Any CPU.ActiveCfg = Debug|Any CPU
		{4756030E-682D-4684-A08E-ECFCA78E07AE}.Debug|Any CPU.Build.0 = Debug|Any CPU
		{4756030E-682D-4684-A08E-ECFCA78E07AE}.Debug|iPhone.ActiveCfg = Debug|Any CPU
		{4756030E-682D-4684-A08E-ECFCA78E07AE}.Debug|iPhone.Build.0 = Debug|Any CPU
		{4756030E-682D-4684-A08E-ECFCA78E07AE}.Debug|iPhoneSimulator.ActiveCfg = Debug|Any CPU
		{4756030E-682D-4684-A08E-ECFCA78E07AE}.Debug|iPhoneSimulator.Build.0 = Debug|Any CPU
		{4756030E-682D-4684-A08E-ECFCA78E07AE}.Release|Any CPU.ActiveCfg = Release|Any CPU
		{4756030E-682D-4684-A08E-ECFCA78E07AE}.Release|Any CPU.Build.0 = Release|Any CPU
		{4756030E-682D-4684-A08E-ECFCA78E07AE}.Release|iPhone.ActiveCfg = Release|Any CPU
		{4756030E-682D-4684-A08E-ECFCA78E07AE}.Release|iPhone.Build.0 = Release|Any CPU
		{4756030E-682D-4684-A08E-ECFCA78E07AE}.Release|iPhoneSimulator.ActiveCfg = Release|Any CPU
		{4756030E-682D-4684-A08E-ECFCA78E07AE}.Release|iPhoneSimulator.Build.0 = Release|Any CPU
		{3A3A8782-AF22-47F4-B90D-A9613F47ECF8}.Ad-Hoc|Any CPU.ActiveCfg = Release|Any CPU
		{3A3A8782-AF22-47F4-B90D-A9613F47ECF8}.Ad-Hoc|Any CPU.Build.0 = Release|Any CPU
		{3A3A8782-AF22-47F4-B90D-A9613F47ECF8}.Ad-Hoc|Any CPU.Deploy.0 = Release|Any CPU
		{3A3A8782-AF22-47F4-B90D-A9613F47ECF8}.Ad-Hoc|iPhone.ActiveCfg = Release|Any CPU
		{3A3A8782-AF22-47F4-B90D-A9613F47ECF8}.Ad-Hoc|iPhone.Build.0 = Release|Any CPU
		{3A3A8782-AF22-47F4-B90D-A9613F47ECF8}.Ad-Hoc|iPhone.Deploy.0 = Release|Any CPU
		{3A3A8782-AF22-47F4-B90D-A9613F47ECF8}.Ad-Hoc|iPhoneSimulator.ActiveCfg = Release|Any CPU
		{3A3A8782-AF22-47F4-B90D-A9613F47ECF8}.Ad-Hoc|iPhoneSimulator.Build.0 = Release|Any CPU
		{3A3A8782-AF22-47F4-B90D-A9613F47ECF8}.Ad-Hoc|iPhoneSimulator.Deploy.0 = Release|Any CPU
		{3A3A8782-AF22-47F4-B90D-A9613F47ECF8}.AppStore|Any CPU.ActiveCfg = Release|Any CPU
		{3A3A8782-AF22-47F4-B90D-A9613F47ECF8}.AppStore|Any CPU.Build.0 = Release|Any CPU
		{3A3A8782-AF22-47F4-B90D-A9613F47ECF8}.AppStore|Any CPU.Deploy.0 = Release|Any CPU
		{3A3A8782-AF22-47F4-B90D-A9613F47ECF8}.AppStore|iPhone.ActiveCfg = Release|Any CPU
		{3A3A8782-AF22-47F4-B90D-A9613F47ECF8}.AppStore|iPhone.Build.0 = Release|Any CPU
		{3A3A8782-AF22-47F4-B90D-A9613F47ECF8}.AppStore|iPhone.Deploy.0 = Release|Any CPU
		{3A3A8782-AF22-47F4-B90D-A9613F47ECF8}.AppStore|iPhoneSimulator.ActiveCfg = Release|Any CPU
		{3A3A8782-AF22-47F4-B90D-A9613F47ECF8}.AppStore|iPhoneSimulator.Build.0 = Release|Any CPU
		{3A3A8782-AF22-47F4-B90D-A9613F47ECF8}.AppStore|iPhoneSimulator.Deploy.0 = Release|Any CPU
		{3A3A8782-AF22-47F4-B90D-A9613F47ECF8}.Debug|Any CPU.ActiveCfg = Debug|Any CPU
		{3A3A8782-AF22-47F4-B90D-A9613F47ECF8}.Debug|Any CPU.Build.0 = Debug|Any CPU
		{3A3A8782-AF22-47F4-B90D-A9613F47ECF8}.Debug|Any CPU.Deploy.0 = Debug|Any CPU
		{3A3A8782-AF22-47F4-B90D-A9613F47ECF8}.Debug|iPhone.ActiveCfg = Debug|Any CPU
		{3A3A8782-AF22-47F4-B90D-A9613F47ECF8}.Debug|iPhone.Build.0 = Debug|Any CPU
		{3A3A8782-AF22-47F4-B90D-A9613F47ECF8}.Debug|iPhone.Deploy.0 = Debug|Any CPU
		{3A3A8782-AF22-47F4-B90D-A9613F47ECF8}.Debug|iPhoneSimulator.ActiveCfg = Debug|Any CPU
		{3A3A8782-AF22-47F4-B90D-A9613F47ECF8}.Debug|iPhoneSimulator.Build.0 = Debug|Any CPU
		{3A3A8782-AF22-47F4-B90D-A9613F47ECF8}.Debug|iPhoneSimulator.Deploy.0 = Debug|Any CPU
		{3A3A8782-AF22-47F4-B90D-A9613F47ECF8}.Release|Any CPU.ActiveCfg = Release|Any CPU
		{3A3A8782-AF22-47F4-B90D-A9613F47ECF8}.Release|Any CPU.Build.0 = Release|Any CPU
		{3A3A8782-AF22-47F4-B90D-A9613F47ECF8}.Release|Any CPU.Deploy.0 = Release|Any CPU
		{3A3A8782-AF22-47F4-B90D-A9613F47ECF8}.Release|iPhone.ActiveCfg = Release|Any CPU
		{3A3A8782-AF22-47F4-B90D-A9613F47ECF8}.Release|iPhone.Build.0 = Release|Any CPU
		{3A3A8782-AF22-47F4-B90D-A9613F47ECF8}.Release|iPhone.Deploy.0 = Release|Any CPU
		{3A3A8782-AF22-47F4-B90D-A9613F47ECF8}.Release|iPhoneSimulator.ActiveCfg = Release|Any CPU
		{3A3A8782-AF22-47F4-B90D-A9613F47ECF8}.Release|iPhoneSimulator.Build.0 = Release|Any CPU
		{3A3A8782-AF22-47F4-B90D-A9613F47ECF8}.Release|iPhoneSimulator.Deploy.0 = Release|Any CPU
	EndGlobalSection
	GlobalSection(SolutionProperties) = preSolution
		HideSolutionNode = FALSE
	EndGlobalSection
	GlobalSection(ExtensibilityGlobals) = postSolution
		SolutionGuid = {9BADD05E-67D8-4BA6-B702-18D866E00B6F}
	EndGlobalSection
EndGlobal
